// !$*UTF8*$!
{
	archiveVersion = 1;
	classes = {
	};
	objectVersion = 46;
	objects = {

/* Begin PBXBuildFile section */
		EA8E8B361AA698300004FF93 /* main.m in Sources */ = {isa = PBXBuildFile; fileRef = EA8E8B351AA698300004FF93 /* main.m */; };
		EA8E8B3E1AA69A690004FF93 /* FDCapture.m in Sources */ = {isa = PBXBuildFile; fileRef = EA8E8B3D1AA69A690004FF93 /* FDCapture.m */; };
/* End PBXBuildFile section */

/* Begin PBXCopyFilesBuildPhase section */
		EA8E8B301AA698300004FF93 /* CopyFiles */ = {
			isa = PBXCopyFilesBuildPhase;
			buildActionMask = 2147483647;
			dstPath = /usr/share/man/man1/;
			dstSubfolderSpec = 0;
			files = (
			);
			runOnlyForDeploymentPostprocessing = 1;
		};
/* End PBXCopyFilesBuildPhase section */

/* Begin PBXFileReference section */
		EA8E8B321AA698300004FF93 /* 5DollarsPlz */ = {isa = PBXFileReference; explicitFileType = "compiled.mach-o.executable"; includeInIndex = 0; path = 5DollarsPlz; sourceTree = BUILT_PRODUCTS_DIR; };
		EA8E8B351AA698300004FF93 /* main.m */ = {isa = PBXFileReference; lastKnownFileType = sourcecode.c.objc; path = main.m; sourceTree = "<group>"; };
		EA8E8B3C1AA69A690004FF93 /* FDCapture.h */ = {isa = PBXFileReference; fileEncoding = 4; lastKnownFileType = sourcecode.c.h; path = FDCapture.h; sourceTree = "<group>"; };
		EA8E8B3D1AA69A690004FF93 /* FDCapture.m */ = {isa = PBXFileReference; fileEncoding = 4; lastKnownFileType = sourcecode.c.objc; path = FDCapture.m; sourceTree = "<group>"; };
/* End PBXFileReference section */

/* Begin PBXFrameworksBuildPhase section */
		EA8E8B2F1AA698300004FF93 /* Frameworks */ = {
			isa = PBXFrameworksBuildPhase;
			buildActionMask = 2147483647;
			files = (
			);
			runOnlyForDeploymentPostprocessing = 0;
		};
/* End PBXFrameworksBuildPhase section */

/* Begin PBXGroup section */
		EA8E8B291AA698300004FF93 = {
			isa = PBXGroup;
			children = (
				EA8E8B341AA698300004FF93 /* 5DollarsPlz */,
				EA8E8B331AA698300004FF93 /* Products */,
			);
			sourceTree = "<group>";
		};
		EA8E8B331AA698300004FF93 /* Products */ = {
			isa = PBXGroup;
			children = (
				EA8E8B321AA698300004FF93 /* 5DollarsPlz */,
			);
			name = Products;
			sourceTree = "<group>";
		};
		EA8E8B341AA698300004FF93 /* 5DollarsPlz */ = {
			isa = PBXGroup;
			children = (
				EA8E8B351AA698300004FF93 /* main.m */,
				EA8E8B3C1AA69A690004FF93 /* FDCapture.h */,
				EA8E8B3D1AA69A690004FF93 /* FDCapture.m */,
			);
			path = 5DollarsPlz;
			sourceTree = "<group>";
		};
/* End PBXGroup section */

/* Begin PBXNativeTarget section */
		EA8E8B311AA698300004FF93 /* 5DollarsPlz */ = {
			isa = PBXNativeTarget;
			buildConfigurationList = EA8E8B391AA698300004FF93 /* Build configuration list for PBXNativeTarget "5DollarsPlz" */;
			buildPhases = (
				EA8E8B2E1AA698300004FF93 /* Sources */,
				EA8E8B2F1AA698300004FF93 /* Frameworks */,
				EA8E8B301AA698300004FF93 /* CopyFiles */,
			);
			buildRules = (
			);
			dependencies = (
			);
			name = 5DollarsPlz;
			productName = 5DollarsPlz;
			productReference = EA8E8B321AA698300004FF93 /* 5DollarsPlz */;
			productType = "com.apple.product-type.tool";
		};
/* End PBXNativeTarget section */

/* Begin PBXProject section */
		EA8E8B2A1AA698300004FF93 /* Project object */ = {
			isa = PBXProject;
			attributes = {
				LastUpgradeCheck = 0610;
				ORGANIZATIONNAME = Apportable;
				TargetAttributes = {
					EA8E8B311AA698300004FF93 = {
						CreatedOnToolsVersion = 6.1;
					};
				};
			};
			buildConfigurationList = EA8E8B2D1AA698300004FF93 /* Build configuration list for PBXProject "5DollarsPlz" */;
			compatibilityVersion = "Xcode 3.2";
			developmentRegion = English;
			hasScannedForEncodings = 0;
			knownRegions = (
				en,
			);
			mainGroup = EA8E8B291AA698300004FF93;
			productRefGroup = EA8E8B331AA698300004FF93 /* Products */;
			projectDirPath = "";
			projectRoot = "";
			targets = (
				EA8E8B311AA698300004FF93 /* 5DollarsPlz */,
			);
		};
/* End PBXProject section */

/* Begin PBXSourcesBuildPhase section */
		EA8E8B2E1AA698300004FF93 /* Sources */ = {
			isa = PBXSourcesBuildPhase;
			buildActionMask = 2147483647;
			files = (
				EA8E8B3E1AA69A690004FF93 /* FDCapture.m in Sources */,
				EA8E8B361AA698300004FF93 /* main.m in Sources */,
			);
			runOnlyForDeploymentPostprocessing = 0;
		};
/* End PBXSourcesBuildPhase section */

/* Begin XCBuildConfiguration section */
		EA8E8B371AA698300004FF93 /* Debug */ = {
			isa = XCBuildConfiguration;
			buildSettings = {
				ALWAYS_SEARCH_USER_PATHS = NO;
				CLANG_CXX_LANGUAGE_STANDARD = "gnu++0x";
				CLANG_CXX_LIBRARY = "libc++";
				CLANG_ENABLE_MODULES = YES;
				CLANG_ENABLE_OBJC_ARC = YES;
				CLANG_WARN_BOOL_CONVERSION = YES;
				CLANG_WARN_CONSTANT_CONVERSION = YES;
				CLANG_WARN_DIRECT_OBJC_ISA_USAGE = YES_ERROR;
				CLANG_WARN_EMPTY_BODY = YES;
				CLANG_WARN_ENUM_CONVERSION = YES;
				CLANG_WARN_INT_CONVERSION = YES;
				CLANG_WARN_OBJC_ROOT_CLASS = YES_ERROR;
				CLANG_WARN_UNREACHABLE_CODE = YES;
				CLANG_WARN__DUPLICATE_METHOD_MATCH = YES;
				COPY_PHASE_STRIP = NO;
				ENABLE_STRICT_OBJC_MSGSEND = YES;
				GCC_C_LANGUAGE_STANDARD = gnu99;
				GCC_DYNAMIC_NO_PIC = NO;
				GCC_OPTIMIZATION_LEVEL = 0;
				GCC_PREPROCESSOR_DEFINITIONS = (
					"DEBUG=1",
					"$(inherited)",
				);
				GCC_SYMBOLS_PRIVATE_EXTERN = NO;
				GCC_WARN_64_TO_32_BIT_CONVERSION = YES;
				GCC_WARN_ABOUT_RETURN_TYPE = YES_ERROR;
				GCC_WARN_UNDECLARED_SELECTOR = YES;
				GCC_WARN_UNINITIALIZED_AUTOS = YES_AGGRESSIVE;
				GCC_WARN_UNUSED_FUNCTION = YES;
				GCC_WARN_UNUSED_VARIABLE = YES;
				MACOSX_DEPLOYMENT_TARGET = 10.10;
				MTL_ENABLE_DEBUG_INFO = YES;
				ONLY_ACTIVE_ARCH = YES;
				SDKROOT = macosx;
			};
			name = Debug;
		};
		EA8E8B381AA698300004FF93 /* Release */ = {
			isa = XCBuildConfiguration;
			buildSettings = {
				ALWAYS_SEARCH_USER_PATHS = NO;
				CLANG_CXX_LANGUAGE_STANDARD = "gnu++0x";
				CLANG_CXX_LIBRARY = "libc++";
				CLANG_ENABLE_MODULES = YES;
				CLANG_ENABLE_OBJC_ARC = YES;
				CLANG_WARN_BOOL_CONVERSION = YES;
				CLANG_WARN_CONSTANT_CONVERSION = YES;
				CLANG_WARN_DIRECT_OBJC_ISA_USAGE = YES_ERROR;
				CLANG_WARN_EMPTY_BODY = YES;
				CLANG_WARN_ENUM_CONVERSION = YES;
				CLANG_WARN_INT_CONVERSION = YES;
				CLANG_WARN_OBJC_ROOT_CLASS = YES_ERROR;
				CLANG_WARN_UNREACHABLE_CODE = YES;
				CLANG_WARN__DUPLICATE_METHOD_MATCH = YES;
				COPY_PHASE_STRIP = YES;
				DEBUG_INFORMATION_FORMAT = "dwarf-with-dsym";
				ENABLE_NS_ASSERTIONS = NO;
				ENABLE_STRICT_OBJC_MSGSEND = YES;
				GCC_C_LANGUAGE_STANDARD = gnu99;
				GCC_WARN_64_TO_32_BIT_CONVERSION = YES;
				GCC_WARN_ABOUT_RETURN_TYPE = YES_ERROR;
				GCC_WARN_UNDECLARED_SELECTOR = YES;
				GCC_WARN_UNINITIALIZED_AUTOS = YES_AGGRESSIVE;
				GCC_WARN_UNUSED_FUNCTION = YES;
				GCC_WARN_UNUSED_VARIABLE = YES;
				MACOSX_DEPLOYMENT_TARGET = 10.10;
				MTL_ENABLE_DEBUG_INFO = NO;
				SDKROOT = macosx;
			};
			name = Release;
		};
		EA8E8B3A1AA698300004FF93 /* Debug */ = {
			isa = XCBuildConfiguration;
			buildSettings = {
				PRODUCT_NAME = "$(TARGET_NAME)";
			};
			name = Debug;
		};
		EA8E8B3B1AA698300004FF93 /* Release */ = {
			isa = XCBuildConfiguration;
			buildSettings = {
				PRODUCT_NAME = "$(TARGET_NAME)";
			};
			name = Release;
		};
/* End XCBuildConfiguration section */

/* Begin XCConfigurationList section */
		EA8E8B2D1AA698300004FF93 /* Build configuration list for PBXProject "5DollarsPlz" */ = {
			isa = XCConfigurationList;
			buildConfigurations = (
				EA8E8B371AA698300004FF93 /* Debug */,
				EA8E8B381AA698300004FF93 /* Release */,
			);
			defaultConfigurationIsVisible = 0;
			defaultConfigurationName = Release;
		};
		EA8E8B391AA698300004FF93 /* Build configuration list for PBXNativeTarget "5DollarsPlz" */ = {
			isa = XCConfigurationList;
			buildConfigurations = (
				EA8E8B3A1AA698300004FF93 /* Debug */,
				EA8E8B3B1AA698300004FF93 /* Release */,
			);
			defaultConfigurationIsVisible = 0;
		};
/* End XCConfigurationList section */
	};
	rootObject = EA8E8B2A1AA698300004FF93 /* Project object */;
}
